
Microsoft Visual Studio Solution File, Format Version 12.00
# Visual Studio 15
VisualStudioVersion = 15.0.27130.2010
MinimumVisualStudioVersion = 10.0.40219.1
Project("{FAE04EC0-301F-11D3-BF4B-00C04F79EFBC}") = "WordFinderExercise", "WordFinderExercise\WordFinderExercise.csproj", "{89986A58-674B-4ADF-949C-C4AFCA9C52B8}"
EndProject
Project("{FAE04EC0-301F-11D3-BF4B-00C04F79EFBC}") = "WordFinderExercise.Test", "WordFinderExercise.Test\WordFinderExercise.Test.csproj", "{49E543FF-D5F3-42BA-8DB4-BF4B343E7BDB}"
EndProject
Global
	GlobalSection(SolutionConfigurationPlatforms) = preSolution
		Debug|Any CPU = Debug|Any CPU
		Release|Any CPU = Release|Any CPU
	EndGlobalSection
	GlobalSection(ProjectConfigurationPlatforms) = postSolution
		{89986A58-674B-4ADF-949C-C4AFCA9C52B8}.Debug|Any CPU.ActiveCfg = Debug|Any CPU
		{89986A58-674B-4ADF-949C-C4AFCA9C52B8}.Debug|Any CPU.Build.0 = Debug|Any CPU
		{89986A58-674B-4ADF-949C-C4AFCA9C52B8}.Release|Any CPU.ActiveCfg = Release|Any CPU
		{89986A58-674B-4ADF-949C-C4AFCA9C52B8}.Release|Any CPU.Build.0 = Release|Any CPU
		{49E543FF-D5F3-42BA-8DB4-BF4B343E7BDB}.Debug|Any CPU.ActiveCfg = Debug|Any CPU
		{49E543FF-D5F3-42BA-8DB4-BF4B343E7BDB}.Debug|Any CPU.Build.0 = Debug|Any CPU
		{49E543FF-D5F3-42BA-8DB4-BF4B343E7BDB}.Release|Any CPU.ActiveCfg = Release|Any CPU
		{49E543FF-D5F3-42BA-8DB4-BF4B343E7BDB}.Release|Any CPU.Build.0 = Release|Any CPU
	EndGlobalSection
	GlobalSection(SolutionProperties) = preSolution
		HideSolutionNode = FALSE
	EndGlobalSection
	GlobalSection(ExtensibilityGlobals) = postSolution
		SolutionGuid = {D952BF0D-8191-4DEB-86D9-8986F8E89111}
	EndGlobalSection
EndGlobal
